
Microsoft Visual Studio Solution File, Format Version 12.00
# Visual Studio Version 17
VisualStudioVersion = 17.14.37012.4 d17.14
MinimumVisualStudioVersion = 10.0.40219.1
Project("{FAE04EC0-301F-11D3-BF4B-00C04F79EFBC}") = "Salariu", "Salariu\Salariu.csproj", "{D04438CC-DC90-461C-9AF0-407DC7EB3556}"
EndProject
Global
	GlobalSection(SolutionConfigurationPlatforms) = preSolution
		Debug|Any CPU = Debug|Any CPU
		Release|Any CPU = Release|Any CPU
	EndGlobalSection
	GlobalSection(ProjectConfigurationPlatforms) = postSolution
		{D04438CC-DC90-461C-9AF0-407DC7EB3556}.Debug|Any CPU.ActiveCfg = Debug|Any CPU
		{D04438CC-DC90-461C-9AF0-407DC7EB3556}.Debug|Any CPU.Build.0 = Debug|Any CPU
		{D04438CC-DC90-461C-9AF0-407DC7EB3556}.Release|Any CPU.ActiveCfg = Release|Any CPU
		{D04438CC-DC90-461C-9AF0-407DC7EB3556}.Release|Any CPU.Build.0 = Release|Any CPU
	EndGlobalSection
	GlobalSection(SolutionProperties) = preSolution
		HideSolutionNode = FALSE
	EndGlobalSection
	GlobalSection(ExtensibilityGlobals) = postSolution
		SolutionGuid = {B2A48C82-6066-46A1-A0A4-9FF9E07F4048}
	EndGlobalSection
EndGlobal
